
Microsoft Visual Studio Solution File, Format Version 12.00
# Visual Studio 15
VisualStudioVersion = 15.0.28307.757
MinimumVisualStudioVersion = 10.0.40219.1
Project("{8BC9CEB8-8B4A-11D0-8D11-00A0C91BC942}") = "ChangeColorOnKey", "ChangeColorOnKey.vcxproj", "{24797DE3-B08E-474D-9FC8-C4CE086B3806}"
EndProject
Global
	GlobalSection(SolutionConfigurationPlatforms) = preSolution
		Debug|x64 = Debug|x64
		Debug|x86 = Debug|x86
		Release|x64 = Release|x64
		Release|x86 = Release|x86
	EndGlobalSection
	GlobalSection(ProjectConfigurationPlatforms) = postSolution
		{24797DE3-B08E-474D-9FC8-C4CE086B3806}.Debug|x64.ActiveCfg = Debug|x64
		{24797DE3-B08E-474D-9FC8-C4CE086B3806}.Debug|x64.Build.0 = Debug|x64
		{24797DE3-B08E-474D-9FC8-C4CE086B3806}.Debug|x86.ActiveCfg = Debug|Win32
		{24797DE3-B08E-474D-9FC8-C4CE086B3806}.Debug|x86.Build.0 = Debug|Win32
		{24797DE3-B08E-474D-9FC8-C4CE086B3806}.Release|x64.ActiveCfg = Release|x64
		{24797DE3-B08E-474D-9FC8-C4CE086B3806}.Release|x64.Build.0 = Release|x64
		{24797DE3-B08E-474D-9FC8-C4CE086B3806}.Release|x86.ActiveCfg = Release|Win32
		{24797DE3-B08E-474D-9FC8-C4CE086B3806}.Release|x86.Build.0 = Release|Win32
	EndGlobalSection
	GlobalSection(SolutionProperties) = preSolution
		HideSolutionNode = FALSE
	EndGlobalSection
	GlobalSection(ExtensibilityGlobals) = postSolution
		SolutionGuid = {71A85524-D131-4248-A848-C199CC020BDA}
	EndGlobalSection
EndGlobal
