
Microsoft Visual Studio Solution File, Format Version 12.00
# Visual Studio 15
VisualStudioVersion = 15.0.28307.757
MinimumVisualStudioVersion = 10.0.40219.1
Project("{8BC9CEB8-8B4A-11D0-8D11-00A0C91BC942}") = "03-DeclSpecExplicit", "03-DeclSpecExplicit.vcxproj", "{3336E5F5-525D-4D7D-9674-FB82B3D9B4B6}"
EndProject
Global
	GlobalSection(SolutionConfigurationPlatforms) = preSolution
		Debug|x64 = Debug|x64
		Debug|x86 = Debug|x86
		Release|x64 = Release|x64
		Release|x86 = Release|x86
	EndGlobalSection
	GlobalSection(ProjectConfigurationPlatforms) = postSolution
		{3336E5F5-525D-4D7D-9674-FB82B3D9B4B6}.Debug|x64.ActiveCfg = Debug|x64
		{3336E5F5-525D-4D7D-9674-FB82B3D9B4B6}.Debug|x64.Build.0 = Debug|x64
		{3336E5F5-525D-4D7D-9674-FB82B3D9B4B6}.Debug|x86.ActiveCfg = Debug|Win32
		{3336E5F5-525D-4D7D-9674-FB82B3D9B4B6}.Debug|x86.Build.0 = Debug|Win32
		{3336E5F5-525D-4D7D-9674-FB82B3D9B4B6}.Release|x64.ActiveCfg = Release|x64
		{3336E5F5-525D-4D7D-9674-FB82B3D9B4B6}.Release|x64.Build.0 = Release|x64
		{3336E5F5-525D-4D7D-9674-FB82B3D9B4B6}.Release|x86.ActiveCfg = Release|Win32
		{3336E5F5-525D-4D7D-9674-FB82B3D9B4B6}.Release|x86.Build.0 = Release|Win32
	EndGlobalSection
	GlobalSection(SolutionProperties) = preSolution
		HideSolutionNode = FALSE
	EndGlobalSection
	GlobalSection(ExtensibilityGlobals) = postSolution
		SolutionGuid = {4294A08E-BA11-464B-B18F-0A5ACBABD83C}
	EndGlobalSection
EndGlobal
