
Microsoft Visual Studio Solution File, Format Version 12.00
# Visual Studio 15
VisualStudioVersion = 15.0.28307.902
MinimumVisualStudioVersion = 10.0.40219.1
Project("{8BC9CEB8-8B4A-11D0-8D11-00A0C91BC942}") = "Hello World", "Hello World\Hello World.vcxproj", "{EB0DB71E-5396-40CC-9955-081EA32A86A0}"
EndProject
Global
	GlobalSection(SolutionConfigurationPlatforms) = preSolution
		Debug|ARM = Debug|ARM
		Debug|ARM64 = Debug|ARM64
		Debug|x64 = Debug|x64
		Debug|x86 = Debug|x86
		Release|ARM = Release|ARM
		Release|ARM64 = Release|ARM64
		Release|x64 = Release|x64
		Release|x86 = Release|x86
	EndGlobalSection
	GlobalSection(ProjectConfigurationPlatforms) = postSolution
		{EB0DB71E-5396-40CC-9955-081EA32A86A0}.Debug|ARM.ActiveCfg = Debug|ARM
		{EB0DB71E-5396-40CC-9955-081EA32A86A0}.Debug|ARM.Build.0 = Debug|ARM
		{EB0DB71E-5396-40CC-9955-081EA32A86A0}.Debug|ARM.Deploy.0 = Debug|ARM
		{EB0DB71E-5396-40CC-9955-081EA32A86A0}.Debug|ARM64.ActiveCfg = Debug|ARM64
		{EB0DB71E-5396-40CC-9955-081EA32A86A0}.Debug|ARM64.Build.0 = Debug|ARM64
		{EB0DB71E-5396-40CC-9955-081EA32A86A0}.Debug|ARM64.Deploy.0 = Debug|ARM64
		{EB0DB71E-5396-40CC-9955-081EA32A86A0}.Debug|x64.ActiveCfg = Debug|x64
		{EB0DB71E-5396-40CC-9955-081EA32A86A0}.Debug|x64.Build.0 = Debug|x64
		{EB0DB71E-5396-40CC-9955-081EA32A86A0}.Debug|x64.Deploy.0 = Debug|x64
		{EB0DB71E-5396-40CC-9955-081EA32A86A0}.Debug|x86.ActiveCfg = Debug|Win32
		{EB0DB71E-5396-40CC-9955-081EA32A86A0}.Debug|x86.Build.0 = Debug|Win32
		{EB0DB71E-5396-40CC-9955-081EA32A86A0}.Debug|x86.Deploy.0 = Debug|Win32
		{EB0DB71E-5396-40CC-9955-081EA32A86A0}.Release|ARM.ActiveCfg = Release|ARM
		{EB0DB71E-5396-40CC-9955-081EA32A86A0}.Release|ARM.Build.0 = Release|ARM
		{EB0DB71E-5396-40CC-9955-081EA32A86A0}.Release|ARM.Deploy.0 = Release|ARM
		{EB0DB71E-5396-40CC-9955-081EA32A86A0}.Release|ARM64.ActiveCfg = Release|ARM64
		{EB0DB71E-5396-40CC-9955-081EA32A86A0}.Release|ARM64.Build.0 = Release|ARM64
		{EB0DB71E-5396-40CC-9955-081EA32A86A0}.Release|ARM64.Deploy.0 = Release|ARM64
		{EB0DB71E-5396-40CC-9955-081EA32A86A0}.Release|x64.ActiveCfg = Release|x64
		{EB0DB71E-5396-40CC-9955-081EA32A86A0}.Release|x64.Build.0 = Release|x64
		{EB0DB71E-5396-40CC-9955-081EA32A86A0}.Release|x64.Deploy.0 = Release|x64
		{EB0DB71E-5396-40CC-9955-081EA32A86A0}.Release|x86.ActiveCfg = Release|Win32
		{EB0DB71E-5396-40CC-9955-081EA32A86A0}.Release|x86.Build.0 = Release|Win32
		{EB0DB71E-5396-40CC-9955-081EA32A86A0}.Release|x86.Deploy.0 = Release|Win32
	EndGlobalSection
	GlobalSection(SolutionProperties) = preSolution
		HideSolutionNode = FALSE
	EndGlobalSection
	GlobalSection(ExtensibilityGlobals) = postSolution
		SolutionGuid = {6D7770B5-6CB6-4F32-BF2A-3134E52C1854}
	EndGlobalSection
EndGlobal
